
Microsoft Visual Studio Solution File, Format Version 12.00
# Visual Studio Version 17
VisualStudioVersion = 17.9.34728.123
MinimumVisualStudioVersion = 10.0.40219.1
Project("{8BC9CEB8-8B4A-11D0-8D11-00A0C91BC942}") = "CAI_tempName", "CAI_tempName\CAI_tempName.vcxproj", "{E5915415-4403-4879-A942-147FBFE81BAA}"
EndProject
Global
	GlobalSection(SolutionConfigurationPlatforms) = preSolution
		Debug|x64 = Debug|x64
		Debug|x86 = Debug|x86
		Release|x64 = Release|x64
		Release|x86 = Release|x86
	EndGlobalSection
	GlobalSection(ProjectConfigurationPlatforms) = postSolution
		{E5915415-4403-4879-A942-147FBFE81BAA}.Debug|x64.ActiveCfg = Debug|x64
		{E5915415-4403-4879-A942-147FBFE81BAA}.Debug|x64.Build.0 = Debug|x64
		{E5915415-4403-4879-A942-147FBFE81BAA}.Debug|x86.ActiveCfg = Debug|Win32
		{E5915415-4403-4879-A942-147FBFE81BAA}.Debug|x86.Build.0 = Debug|Win32
		{E5915415-4403-4879-A942-147FBFE81BAA}.Release|x64.ActiveCfg = Release|x64
		{E5915415-4403-4879-A942-147FBFE81BAA}.Release|x64.Build.0 = Release|x64
		{E5915415-4403-4879-A942-147FBFE81BAA}.Release|x86.ActiveCfg = Release|x64
	EndGlobalSection
	GlobalSection(SolutionProperties) = preSolution
		HideSolutionNode = FALSE
	EndGlobalSection
	GlobalSection(ExtensibilityGlobals) = postSolution
		SolutionGuid = {35DC345C-E5B4-4DEF-82FB-1DA4B86DE2B7}
	EndGlobalSection
EndGlobal
