<?xml version="1.0" encoding="utf-8"?>
<Project ToolsVersion="4.0" xmlns="http://schemas.microsoft.com/developer/msbuild/2003">
  <ItemGroup>
    <Filter Include="源文件">
      <UniqueIdentifier>{4FC737F1-C7A5-4376-A066-2A32D752A2FF}</UniqueIdentifier>
      <Extensions>cpp;c;cc;cxx;c++;cppm;ixx;def;odl;idl;hpj;bat;asm;asmx</Extensions>
    </Filter>
    <Filter Include="头文件">
      <UniqueIdentifier>{93995380-89BD-4b04-88EB-625FBE52EBFB}</UniqueIdentifier>
      <Extensions>h;hh;hpp;hxx;h++;hm;inl;inc;ipp;xsd</Extensions>
    </Filter>
    <Filter Include="资源文件">
      <UniqueIdentifier>{67DA6AB6-F800-4c08-8B7A-83BB121AAD01}</UniqueIdentifier>
      <Extensions>rc;ico;cur;bmp;dlg;rc2;rct;bin;rgs;gif;jpg;jpeg;jpe;resx;tiff;tif;png;wav;mfcribbon-ms</Extensions>
    </Filter>
    <Filter Include="头文件\UI">
      <UniqueIdentifier>{161c90e2-c4f3-4781-8593-df22935f34f5}</UniqueIdentifier>
    </Filter>
    <Filter Include="头文件\program">
      <UniqueIdentifier>{dae7bcb6-388b-4426-9ab1-68de0bfa872b}</UniqueIdentifier>
    </Filter>
    <Filter Include="头文件\program\textAny">
      <UniqueIdentifier>{4615aa9f-2d44-4db2-b60f-97c0210e2fe5}</UniqueIdentifier>
    </Filter>
    <Filter Include="头文件\Shader">
      <UniqueIdentifier>{bb3cc2a1-06cc-4a9a-9df7-dd6d3c672916}</UniqueIdentifier>
    </Filter>
    <Filter Include="头文件\Controls">
      <UniqueIdentifier>{1504a6ad-871c-4e3a-a041-d791783dc4da}</UniqueIdentifier>
    </Filter>
    <Filter Include="源文件\UI">
      <UniqueIdentifier>{8e6346d4-3e4f-41dc-a347-3744ca9aff51}</UniqueIdentifier>
    </Filter>
    <Filter Include="头文件\Engine">
      <UniqueIdentifier>{09ddb3fc-224f-436e-9d24-9f7bcc56605a}</UniqueIdentifier>
    </Filter>
    <Filter Include="源文件\Contorls">
      <UniqueIdentifier>{9a0f4bd1-cf33-4822-ad6f-3b13fdcf6d0c}</UniqueIdentifier>
    </Filter>
    <Filter Include="源文件\Engine">
      <UniqueIdentifier>{e6eb2ea6-4321-45c9-bad1-666f7736f00f}</UniqueIdentifier>
    </Filter>
    <Filter Include="头文件\MVVM">
      <UniqueIdentifier>{08cec246-5709-429c-9dcf-9f3fac704af0}</UniqueIdentifier>
    </Filter>
    <Filter Include="头文件\Events">
      <UniqueIdentifier>{6479d6d0-a82c-4c6d-b7ea-3aae8d0e7032}</UniqueIdentifier>
    </Filter>
    <Filter Include="头文件\Mathematics">
      <UniqueIdentifier>{ddebb810-873e-4b1f-9dad-bc37d1090f6e}</UniqueIdentifier>
    </Filter>
    <Filter Include="源文件\Events">
      <UniqueIdentifier>{20584d60-f690-4f5c-bbab-2ba14ac54121}</UniqueIdentifier>
    </Filter>
    <Filter Include="头文件\Fonts">
      <UniqueIdentifier>{a7bf93e6-1011-41c5-8c83-b2344c10d242}</UniqueIdentifier>
    </Filter>
    <Filter Include="源文件\Fonts">
      <UniqueIdentifier>{0e501814-fa3e-413f-aae4-a9e905973744}</UniqueIdentifier>
    </Filter>
  </ItemGroup>
  <ItemGroup>
    <ClCompile Include="src\main.cpp">
      <Filter>源文件</Filter>
    </ClCompile>
    <ClCompile Include="src\UI\UIElement.cpp">
      <Filter>源文件\UI</Filter>
    </ClCompile>
    <ClCompile Include="src\Controls\PanelControls\Panel.cpp">
      <Filter>源文件\UI</Filter>
    </ClCompile>
    <ClCompile Include="src\Controls\EControl.cpp">
      <Filter>源文件\UI</Filter>
    </ClCompile>
    <ClCompile Include="src\Controls\ContentControls\Button.cpp">
      <Filter>源文件\Contorls</Filter>
    </ClCompile>
    <ClCompile Include="src\Controls\PanelControls\Grid.cpp">
      <Filter>源文件\Contorls</Filter>
    </ClCompile>
    <ClCompile Include="src\UI\PaintDevice.cpp">
      <Filter>源文件\Engine</Filter>
    </ClCompile>
    <ClCompile Include="src\UI\Shader.cpp">
      <Filter>源文件\Engine</Filter>
    </ClCompile>
    <ClCompile Include="src\Controls\ContentControls\Window.cpp">
      <Filter>源文件\Contorls</Filter>
    </ClCompile>
    <ClCompile Include="src\UI\RenderEngine.cpp">
      <Filter>源文件\Engine</Filter>
    </ClCompile>
    <ClCompile Include="src\UI\Character.cpp">
      <Filter>源文件\Fonts</Filter>
    </ClCompile>
    <ClCompile Include="src\Datas\VisualData.cpp">
      <Filter>源文件\UI</Filter>
    </ClCompile>
    <ClCompile Include="src\Controls\ContentControls\TextBlock.cpp">
      <Filter>源文件\Contorls</Filter>
    </ClCompile>
    <ClCompile Include="src\stbimge\stb_image.cpp">
      <Filter>源文件\Engine</Filter>
    </ClCompile>
    <ClCompile Include="src\UI\Draw.cpp">
      <Filter>源文件\UI</Filter>
    </ClCompile>
    <ClCompile Include="src\Controls\Decoration.cpp">
      <Filter>源文件\Contorls</Filter>
    </ClCompile>
    <ClCompile Include="src\log\Log.cpp">
      <Filter>源文件</Filter>
    </ClCompile>
    <ClCompile Include="src\Common\caipch.cpp">
      <Filter>源文件</Filter>
    </ClCompile>
    <ClCompile Include="src\Controls\ContentControls\TextBox.cpp">
      <Filter>源文件</Filter>
    </ClCompile>
    <ClCompile Include="src\XMGL\TextInpreter.cpp">
      <Filter>源文件</Filter>
    </ClCompile>
    <ClCompile Include="src\UI\Application.cpp">
      <Filter>源文件</Filter>
    </ClCompile>
    <ClCompile Include="src\Controls\Content.cpp">
      <Filter>源文件</Filter>
    </ClCompile>
    <ClCompile Include="src\UI\Visual.cpp">
      <Filter>源文件</Filter>
    </ClCompile>
    <ClCompile Include="src\Datas\VisualCollection.cpp">
      <Filter>源文件</Filter>
    </ClCompile>
    <ClCompile Include="OpenGLLibs\glad\src\glad.c">
      <Filter>源文件</Filter>
    </ClCompile>
    <ClCompile Include="src\Animation\BoolAnimation.cpp">
      <Filter>源文件</Filter>
    </ClCompile>
    <ClCompile Include="src\Animation\DoubleAnimation.cpp">
      <Filter>源文件</Filter>
    </ClCompile>
    <ClCompile Include="src\Animation\StoryBord.cpp">
      <Filter>源文件</Filter>
    </ClCompile>
    <ClCompile Include="src\Animation\TimeLine\Duration.cpp">
      <Filter>源文件</Filter>
    </ClCompile>
    <ClCompile Include="src\Controls\Shap\Path.cpp">
      <Filter>源文件</Filter>
    </ClCompile>
    <ClCompile Include="src\UI\ContentElement.cpp">
      <Filter>源文件</Filter>
    </ClCompile>
    <ClCompile Include="src\Datas\Geometry\Geometry.cpp">
      <Filter>源文件</Filter>
    </ClCompile>
    <ClCompile Include="src\Datas\Geometry\LineGeometry.cpp">
      <Filter>源文件</Filter>
    </ClCompile>
    <ClCompile Include="src\Datas\Geometry\RectGeometry.cpp">
      <Filter>源文件</Filter>
    </ClCompile>
    <ClCompile Include="src\Datas\Geometry\CircleGeometry.cpp">
      <Filter>源文件</Filter>
    </ClCompile>
    <ClCompile Include="src\Controls\Shap\Shape.cpp">
      <Filter>源文件</Filter>
    </ClCompile>
    <ClCompile Include="src\Controls\Shap\Line.cpp">
      <Filter>源文件</Filter>
    </ClCompile>
  </ItemGroup>
  <ItemGroup>
    <ClInclude Include="src\Object.h">
      <Filter>头文件</Filter>
    </ClInclude>
    <ClInclude Include="src\UI\UIElement.h">
      <Filter>头文件\UI</Filter>
    </ClInclude>
    <ClInclude Include="src\UI\Shader.h">
      <Filter>头文件\Shader</Filter>
    </ClInclude>
    <ClInclude Include="src\Controls\ContentControls\Button.h">
      <Filter>头文件\Controls</Filter>
    </ClInclude>
    <ClInclude Include="src\Controls\ContentControl.h">
      <Filter>头文件\UI</Filter>
    </ClInclude>
    <ClInclude Include="src\Datas\VisualData.h">
      <Filter>头文件\UI</Filter>
    </ClInclude>
    <ClInclude Include="src\Controls\PanelControls\Panel.h">
      <Filter>头文件\Controls</Filter>
    </ClInclude>
    <ClInclude Include="src\Controls\ContentControls\Window.h">
      <Filter>头文件\Controls</Filter>
    </ClInclude>
    <ClInclude Include="src\Datas\Collection.h">
      <Filter>头文件</Filter>
    </ClInclude>
    <ClInclude Include="src\Datas\ControlStyle.h">
      <Filter>头文件\UI</Filter>
    </ClInclude>
    <ClInclude Include="src\caipch.h">
      <Filter>头文件</Filter>
    </ClInclude>
    <ClInclude Include="src\Controls\PanelControls\Grid.h">
      <Filter>头文件\Controls</Filter>
    </ClInclude>
    <ClInclude Include="src\Controls\EControl.h">
      <Filter>头文件\UI</Filter>
    </ClInclude>
    <ClInclude Include="src\UI\PaintDevice.h">
      <Filter>头文件\Engine</Filter>
    </ClInclude>
    <ClInclude Include="src\UI\RenderEngine.h">
      <Filter>头文件\Engine</Filter>
    </ClInclude>
    <ClInclude Include="src\Datas\RowDefinition.h">
      <Filter>头文件\UI</Filter>
    </ClInclude>
    <ClInclude Include="src\Datas\Coordinate.h">
      <Filter>头文件\Engine</Filter>
    </ClInclude>
    <ClInclude Include="src\UI\Draw.h">
      <Filter>头文件\Engine</Filter>
    </ClInclude>
    <ClInclude Include="src\Datas\Property.hpp">
      <Filter>头文件\UI</Filter>
    </ClInclude>
    <ClInclude Include="src\MainWindow.hpp">
      <Filter>源文件</Filter>
    </ClInclude>
    <ClInclude Include="src\UI\Character.h">
      <Filter>头文件\Fonts</Filter>
    </ClInclude>
    <ClInclude Include="src\Mathmatics\Math.hpp">
      <Filter>头文件\Mathematics</Filter>
    </ClInclude>
    <ClInclude Include="src\Controls\ContentControls\TextBlock.h">
      <Filter>头文件\Controls</Filter>
    </ClInclude>
    <ClInclude Include="src\stbimge\stb_image.h">
      <Filter>头文件\Engine</Filter>
    </ClInclude>
    <ClInclude Include="src\Controls\Decoration.h">
      <Filter>头文件\Controls</Filter>
    </ClInclude>
    <ClInclude Include="src\Events\EventAbstract.h">
      <Filter>头文件</Filter>
    </ClInclude>
    <ClInclude Include="src\Events\Events.h">
      <Filter>头文件</Filter>
    </ClInclude>
    <ClInclude Include="src\log\Log.h">
      <Filter>头文件</Filter>
    </ClInclude>
    <ClInclude Include="src\Shapes.h">
      <Filter>头文件</Filter>
    </ClInclude>
    <ClInclude Include="src\MVVM\AbstractNotifyPropertyChanged.h">
      <Filter>头文件</Filter>
    </ClInclude>
    <ClInclude Include="src\Common\caipch.h">
      <Filter>头文件</Filter>
    </ClInclude>
    <ClInclude Include="src\Common\Object.h">
      <Filter>头文件</Filter>
    </ClInclude>
    <ClInclude Include="src\Controls\ContentControls\TextBox.h">
      <Filter>头文件</Filter>
    </ClInclude>
    <ClInclude Include="src\Controls\Shapes.h">
      <Filter>头文件</Filter>
    </ClInclude>
    <ClInclude Include="src\XMGL\TextInpreter.h">
      <Filter>头文件</Filter>
    </ClInclude>
    <ClInclude Include="src\UI\Application.h">
      <Filter>头文件</Filter>
    </ClInclude>
    <ClInclude Include="src\Events\MouseEvents.h">
      <Filter>头文件</Filter>
    </ClInclude>
    <ClInclude Include="src\Events\InputEvents.h">
      <Filter>头文件</Filter>
    </ClInclude>
    <ClInclude Include="src\Events\WindowEvents.h">
      <Filter>头文件</Filter>
    </ClInclude>
    <ClInclude Include="src\Controls\Content.h">
      <Filter>头文件</Filter>
    </ClInclude>
    <ClInclude Include="src\UI\Visual.h">
      <Filter>头文件</Filter>
    </ClInclude>
    <ClInclude Include="src\Datas\VisualCollection.h">
      <Filter>头文件</Filter>
    </ClInclude>
    <ClInclude Include="src\Animation\AnimationAbstract.h">
      <Filter>头文件</Filter>
    </ClInclude>
    <ClInclude Include="src\Animation\BoolAnimation.h">
      <Filter>头文件</Filter>
    </ClInclude>
    <ClInclude Include="src\Animation\DoubleAnimation.h">
      <Filter>头文件</Filter>
    </ClInclude>
    <ClInclude Include="src\Animation\StoryBord.h">
      <Filter>头文件</Filter>
    </ClInclude>
    <ClInclude Include="src\Animation\TimeLine\Duration.h">
      <Filter>头文件</Filter>
    </ClInclude>
    <ClInclude Include="src\Controls\Shap\Path.h">
      <Filter>头文件</Filter>
    </ClInclude>
    <ClInclude Include="src\Events\SizeChangedEvent.h">
      <Filter>头文件</Filter>
    </ClInclude>
    <ClInclude Include="src\UI\ContentElement.h">
      <Filter>头文件</Filter>
    </ClInclude>
    <ClInclude Include="src\Datas\Geometry\Geometry.h">
      <Filter>头文件</Filter>
    </ClInclude>
    <ClInclude Include="src\Datas\Geometry\LineGeometry.h">
      <Filter>头文件</Filter>
    </ClInclude>
    <ClInclude Include="src\Datas\Geometry\RectGeometry.h">
      <Filter>头文件</Filter>
    </ClInclude>
    <ClInclude Include="src\Datas\Geometry\CircleGeometry.h">
      <Filter>头文件</Filter>
    </ClInclude>
    <ClInclude Include="src\Controls\Shap\Shape.h">
      <Filter>头文件</Filter>
    </ClInclude>
    <ClInclude Include="src\Controls\Shap\Line.h">
      <Filter>头文件</Filter>
    </ClInclude>
  </ItemGroup>
  <ItemGroup>
    <None Include="resources\Shaders\RectFragmentShader.glsl" />
    <None Include="resources\Shaders\RectVertexShader.glsl" />
    <None Include="resources\Shaders\TextVertexShader.glsl" />
    <None Include="resources\Shaders\RectWithCornerFragment.glsl" />
    <None Include="resources\Shaders\LineFragmentShader.glsl" />
    <None Include="resources\Shaders\LineVertexShader.glsl" />
    <None Include="resources\Shaders\LineGeometryShader.glsl" />
  </ItemGroup>
  <ItemGroup>
    <Font Include="resources\fonts\Source_Han_Serif_SC_Light_Light.otf">
      <Filter>资源文件</Filter>
    </Font>
  </ItemGroup>
  <ItemGroup>
    <Image Include="resources\icons\close.png">
      <Filter>资源文件</Filter>
    </Image>
    <Image Include="resources\icons\minimize.png">
      <Filter>资源文件</Filter>
    </Image>
    <Image Include="resources\icons\minus.png">
      <Filter>资源文件</Filter>
    </Image>
  </ItemGroup>
  <ItemGroup>
    <Text Include="resources\Shaders\TextFragmentShader.glsl" />
  </ItemGroup>
</Project>